
Microsoft Visual Studio Solution File, Format Version 12.00
# Visual Studio Version 16
VisualStudioVersion = 16.0.33529.622
MinimumVisualStudioVersion = 10.0.40219.1
Project("{FAE04EC0-301F-11D3-BF4B-00C04F79EFBC}") = "TV", "TV\TV.csproj", "{FDAA923C-33F4-4A1B-A9E4-4DC1A52EE655}"
EndProject
Global
	GlobalSection(SolutionConfigurationPlatforms) = preSolution
		Debug|Any CPU = Debug|Any CPU
		Release|Any CPU = Release|Any CPU
	EndGlobalSection
	GlobalSection(ProjectConfigurationPlatforms) = postSolution
		{FDAA923C-33F4-4A1B-A9E4-4DC1A52EE655}.Debug|Any CPU.ActiveCfg = Debug|Any CPU
		{FDAA923C-33F4-4A1B-A9E4-4DC1A52EE655}.Debug|Any CPU.Build.0 = Debug|Any CPU
		{FDAA923C-33F4-4A1B-A9E4-4DC1A52EE655}.Release|Any CPU.ActiveCfg = Release|Any CPU
		{FDAA923C-33F4-4A1B-A9E4-4DC1A52EE655}.Release|Any CPU.Build.0 = Release|Any CPU
	EndGlobalSection
	GlobalSection(SolutionProperties) = preSolution
		HideSolutionNode = FALSE
	EndGlobalSection
	GlobalSection(ExtensibilityGlobals) = postSolution
		SolutionGuid = {255BBC56-4AA9-4541-9DC6-23A4E78A2F17}
	EndGlobalSection
EndGlobal
